
Microsoft Visual Studio Solution File, Format Version 12.00
# Visual Studio Version 17
VisualStudioVersion = 17.14.37531.7 d17.14
MinimumVisualStudioVersion = 10.0.40219.1
Project("{FAE04EC0-301F-11D3-BF4B-00C04F79EFBC}") = "Practical 5", "Practical 5\Practical 5.csproj", "{ECA0B445-A8FA-42CA-8C3A-6B675BE8D1EA}"
EndProject
Global
	GlobalSection(SolutionConfigurationPlatforms) = preSolution
		Debug|Any CPU = Debug|Any CPU
		Release|Any CPU = Release|Any CPU
	EndGlobalSection
	GlobalSection(ProjectConfigurationPlatforms) = postSolution
		{ECA0B445-A8FA-42CA-8C3A-6B675BE8D1EA}.Debug|Any CPU.ActiveCfg = Debug|Any CPU
		{ECA0B445-A8FA-42CA-8C3A-6B675BE8D1EA}.Debug|Any CPU.Build.0 = Debug|Any CPU
		{ECA0B445-A8FA-42CA-8C3A-6B675BE8D1EA}.Release|Any CPU.ActiveCfg = Release|Any CPU
		{ECA0B445-A8FA-42CA-8C3A-6B675BE8D1EA}.Release|Any CPU.Build.0 = Release|Any CPU
	EndGlobalSection
	GlobalSection(SolutionProperties) = preSolution
		HideSolutionNode = FALSE
	EndGlobalSection
	GlobalSection(ExtensibilityGlobals) = postSolution
		SolutionGuid = {3A68A086-07E6-41CD-A03F-26DF53B43D3F}
	EndGlobalSection
EndGlobal
